
Microsoft Visual Studio Solution File, Format Version 12.00
# Visual Studio Version 16
VisualStudioVersion = 16.0.29613.14
MinimumVisualStudioVersion = 15.0.26124.0
Project("{9A19103F-16F7-4668-BE54-9A1E7A4F7556}") = "AnagramFinder.App", "AnagramFinder.App\AnagramFinder.App.csproj", "{2CCC1A53-A2FB-4B91-B72D-67884C8EF275}"
EndProject
Project("{9A19103F-16F7-4668-BE54-9A1E7A4F7556}") = "AnagramFinder.Domains", "AnagramFinder.Domains\AnagramFinder.Domains.csproj", "{2F370510-6E3A-4702-9A04-71C86CA9A767}"
EndProject
Project("{9A19103F-16F7-4668-BE54-9A1E7A4F7556}") = "AnagramFinder.Services", "AnagramFinder.Services\AnagramFinder.Services.csproj", "{D15220B1-1E8D-4A19-9253-3B09839534F0}"
EndProject
Project("{9A19103F-16F7-4668-BE54-9A1E7A4F7556}") = "AnagramFinder.WebApi", "AnagramFinder.WebApi\AnagramFinder.WebApi.csproj", "{82D8467A-B14E-4A80-9CB7-E3A17341280A}"
EndProject
Global
	GlobalSection(SolutionConfigurationPlatforms) = preSolution
		Debug|Any CPU = Debug|Any CPU
		Debug|x64 = Debug|x64
		Debug|x86 = Debug|x86
		Release|Any CPU = Release|Any CPU
		Release|x64 = Release|x64
		Release|x86 = Release|x86
	EndGlobalSection
	GlobalSection(ProjectConfigurationPlatforms) = postSolution
		{2CCC1A53-A2FB-4B91-B72D-67884C8EF275}.Debug|Any CPU.ActiveCfg = Debug|Any CPU
		{2CCC1A53-A2FB-4B91-B72D-67884C8EF275}.Debug|Any CPU.Build.0 = Debug|Any CPU
		{2CCC1A53-A2FB-4B91-B72D-67884C8EF275}.Debug|x64.ActiveCfg = Debug|Any CPU
		{2CCC1A53-A2FB-4B91-B72D-67884C8EF275}.Debug|x64.Build.0 = Debug|Any CPU
		{2CCC1A53-A2FB-4B91-B72D-67884C8EF275}.Debug|x86.ActiveCfg = Debug|Any CPU
		{2CCC1A53-A2FB-4B91-B72D-67884C8EF275}.Debug|x86.Build.0 = Debug|Any CPU
		{2CCC1A53-A2FB-4B91-B72D-67884C8EF275}.Release|Any CPU.ActiveCfg = Release|Any CPU
		{2CCC1A53-A2FB-4B91-B72D-67884C8EF275}.Release|Any CPU.Build.0 = Release|Any CPU
		{2CCC1A53-A2FB-4B91-B72D-67884C8EF275}.Release|x64.ActiveCfg = Release|Any CPU
		{2CCC1A53-A2FB-4B91-B72D-67884C8EF275}.Release|x64.Build.0 = Release|Any CPU
		{2CCC1A53-A2FB-4B91-B72D-67884C8EF275}.Release|x86.ActiveCfg = Release|Any CPU
		{2CCC1A53-A2FB-4B91-B72D-67884C8EF275}.Release|x86.Build.0 = Release|Any CPU
		{2F370510-6E3A-4702-9A04-71C86CA9A767}.Debug|Any CPU.ActiveCfg = Debug|Any CPU
		{2F370510-6E3A-4702-9A04-71C86CA9A767}.Debug|Any CPU.Build.0 = Debug|Any CPU
		{2F370510-6E3A-4702-9A04-71C86CA9A767}.Debug|x64.ActiveCfg = Debug|Any CPU
		{2F370510-6E3A-4702-9A04-71C86CA9A767}.Debug|x64.Build.0 = Debug|Any CPU
		{2F370510-6E3A-4702-9A04-71C86CA9A767}.Debug|x86.ActiveCfg = Debug|Any CPU
		{2F370510-6E3A-4702-9A04-71C86CA9A767}.Debug|x86.Build.0 = Debug|Any CPU
		{2F370510-6E3A-4702-9A04-71C86CA9A767}.Release|Any CPU.ActiveCfg = Release|Any CPU
		{2F370510-6E3A-4702-9A04-71C86CA9A767}.Release|Any CPU.Build.0 = Release|Any CPU
		{2F370510-6E3A-4702-9A04-71C86CA9A767}.Release|x64.ActiveCfg = Release|Any CPU
		{2F370510-6E3A-4702-9A04-71C86CA9A767}.Release|x64.Build.0 = Release|Any CPU
		{2F370510-6E3A-4702-9A04-71C86CA9A767}.Release|x86.ActiveCfg = Release|Any CPU
		{2F370510-6E3A-4702-9A04-71C86CA9A767}.Release|x86.Build.0 = Release|Any CPU
		{D15220B1-1E8D-4A19-9253-3B09839534F0}.Debug|Any CPU.ActiveCfg = Debug|Any CPU
		{D15220B1-1E8D-4A19-9253-3B09839534F0}.Debug|Any CPU.Build.0 = Debug|Any CPU
		{D15220B1-1E8D-4A19-9253-3B09839534F0}.Debug|x64.ActiveCfg = Debug|Any CPU
		{D15220B1-1E8D-4A19-9253-3B09839534F0}.Debug|x64.Build.0 = Debug|Any CPU
		{D15220B1-1E8D-4A19-9253-3B09839534F0}.Debug|x86.ActiveCfg = Debug|Any CPU
		{D15220B1-1E8D-4A19-9253-3B09839534F0}.Debug|x86.Build.0 = Debug|Any CPU
		{D15220B1-1E8D-4A19-9253-3B09839534F0}.Release|Any CPU.ActiveCfg = Release|Any CPU
		{D15220B1-1E8D-4A19-9253-3B09839534F0}.Release|Any CPU.Build.0 = Release|Any CPU
		{D15220B1-1E8D-4A19-9253-3B09839534F0}.Release|x64.ActiveCfg = Release|Any CPU
		{D15220B1-1E8D-4A19-9253-3B09839534F0}.Release|x64.Build.0 = Release|Any CPU
		{D15220B1-1E8D-4A19-9253-3B09839534F0}.Release|x86.ActiveCfg = Release|Any CPU
		{D15220B1-1E8D-4A19-9253-3B09839534F0}.Release|x86.Build.0 = Release|Any CPU
		{82D8467A-B14E-4A80-9CB7-E3A17341280A}.Debug|Any CPU.ActiveCfg = Debug|Any CPU
		{82D8467A-B14E-4A80-9CB7-E3A17341280A}.Debug|Any CPU.Build.0 = Debug|Any CPU
		{82D8467A-B14E-4A80-9CB7-E3A17341280A}.Debug|x64.ActiveCfg = Debug|Any CPU
		{82D8467A-B14E-4A80-9CB7-E3A17341280A}.Debug|x64.Build.0 = Debug|Any CPU
		{82D8467A-B14E-4A80-9CB7-E3A17341280A}.Debug|x86.ActiveCfg = Debug|Any CPU
		{82D8467A-B14E-4A80-9CB7-E3A17341280A}.Debug|x86.Build.0 = Debug|Any CPU
		{82D8467A-B14E-4A80-9CB7-E3A17341280A}.Release|Any CPU.ActiveCfg = Release|Any CPU
		{82D8467A-B14E-4A80-9CB7-E3A17341280A}.Release|Any CPU.Build.0 = Release|Any CPU
		{82D8467A-B14E-4A80-9CB7-E3A17341280A}.Release|x64.ActiveCfg = Release|Any CPU
		{82D8467A-B14E-4A80-9CB7-E3A17341280A}.Release|x64.Build.0 = Release|Any CPU
		{82D8467A-B14E-4A80-9CB7-E3A17341280A}.Release|x86.ActiveCfg = Release|Any CPU
		{82D8467A-B14E-4A80-9CB7-E3A17341280A}.Release|x86.Build.0 = Release|Any CPU
	EndGlobalSection
	GlobalSection(SolutionProperties) = preSolution
		HideSolutionNode = FALSE
	EndGlobalSection
	GlobalSection(ExtensibilityGlobals) = postSolution
		SolutionGuid = {813C01D7-F655-460B-9B64-9D7D12E51CC2}
	EndGlobalSection
EndGlobal
